
Microsoft Visual Studio Solution File, Format Version 12.00
Project("{FAE04EC0-301F-11D3-BF4B-00C04F79EFBC}") = "ImageSorter2.0", "ImageSorter2.0.csproj", "{2B736FC8-D6FF-4E5B-8306-BAC550E9E90A}"
EndProject
Global
	GlobalSection(SolutionConfigurationPlatforms) = preSolution
		Debug|Any CPU = Debug|Any CPU
		Release|Any CPU = Release|Any CPU
	EndGlobalSection
	GlobalSection(ProjectConfigurationPlatforms) = postSolution
		{2B736FC8-D6FF-4E5B-8306-BAC550E9E90A}.Debug|Any CPU.ActiveCfg = Debug|Any CPU
		{2B736FC8-D6FF-4E5B-8306-BAC550E9E90A}.Debug|Any CPU.Build.0 = Debug|Any CPU
		{2B736FC8-D6FF-4E5B-8306-BAC550E9E90A}.Release|Any CPU.ActiveCfg = Release|Any CPU
		{2B736FC8-D6FF-4E5B-8306-BAC550E9E90A}.Release|Any CPU.Build.0 = Release|Any CPU
	EndGlobalSection
EndGlobal
